// !$*UTF8*$!
{
	archiveVersion = 1;
	classes = {
	};
	objectVersion = 55;
	objects = {

/* Begin PBXBuildFile section */
		434F841F2814A98300658027 /* AppDelegate.swift in Sources */ = {isa = PBXBuildFile; fileRef = 434F841E2814A98300658027 /* AppDelegate.swift */; };
		434F84212814A98300658027 /* SceneDelegate.swift in Sources */ = {isa = PBXBuildFile; fileRef = 434F84202814A98300658027 /* SceneDelegate.swift */; };
		434F84282814A98800658027 /* Assets.xcassets in Resources */ = {isa = PBXBuildFile; fileRef = 434F84272814A98800658027 /* Assets.xcassets */; };
		434F842B2814A98800658027 /* LaunchScreen.storyboard in Resources */ = {isa = PBXBuildFile; fileRef = 434F84292814A98800658027 /* LaunchScreen.storyboard */; };
		434F84362814A98900658027 /* HearingTestTests.swift in Sources */ = {isa = PBXBuildFile; fileRef = 434F84352814A98900658027 /* HearingTestTests.swift */; };
		434F84402814A98900658027 /* HearingTestUITests.swift in Sources */ = {isa = PBXBuildFile; fileRef = 434F843F2814A98900658027 /* HearingTestUITests.swift */; };
		434F84422814A98900658027 /* HearingTestUITestsLaunchTests.swift in Sources */ = {isa = PBXBuildFile; fileRef = 434F84412814A98900658027 /* HearingTestUITestsLaunchTests.swift */; };
		436E539A2815FEB30070FD66 /* 50Hz.wav in Resources */ = {isa = PBXBuildFile; fileRef = 436E53962815FEB30070FD66 /* 50Hz.wav */; };
		436E539B2815FEB30070FD66 /* 250Hz.wav in Resources */ = {isa = PBXBuildFile; fileRef = 436E53972815FEB30070FD66 /* 250Hz.wav */; };
		436E539C2815FEB30070FD66 /* 500Hz.wav in Resources */ = {isa = PBXBuildFile; fileRef = 436E53982815FEB30070FD66 /* 500Hz.wav */; };
		436E539D2815FEB30070FD66 /* 125Hz.wav in Resources */ = {isa = PBXBuildFile; fileRef = 436E53992815FEB30070FD66 /* 125Hz.wav */; };
		436E539F2815FF9E0070FD66 /* UIView+.swift in Sources */ = {isa = PBXBuildFile; fileRef = 436E539E2815FF9E0070FD66 /* UIView+.swift */; };
		436E53A328161BB30070FD66 /* StatusViewController.swift in Sources */ = {isa = PBXBuildFile; fileRef = 436E53A128161BB30070FD66 /* StatusViewController.swift */; };
		436E53A428161BB30070FD66 /* StatusViewController.xib in Resources */ = {isa = PBXBuildFile; fileRef = 436E53A228161BB30070FD66 /* StatusViewController.xib */; };
		436E53A628161BCD0070FD66 /* StatusAssembly.swift in Sources */ = {isa = PBXBuildFile; fileRef = 436E53A528161BCD0070FD66 /* StatusAssembly.swift */; };
		43E4B40F2814A9F800360950 /* Swinject in Frameworks */ = {isa = PBXBuildFile; productRef = 43E4B40E2814A9F800360950 /* Swinject */; };
		43E4B4172814AACD00360950 /* ResultAssembly.swift in Sources */ = {isa = PBXBuildFile; fileRef = 43E4B4162814AACD00360950 /* ResultAssembly.swift */; };
		43E4B41A2814AAF800360950 /* ResultViewController.swift in Sources */ = {isa = PBXBuildFile; fileRef = 43E4B4182814AAF800360950 /* ResultViewController.swift */; };
		43E4B41B2814AAF800360950 /* ResultViewController.xib in Resources */ = {isa = PBXBuildFile; fileRef = 43E4B4192814AAF800360950 /* ResultViewController.xib */; };
		43E4B41E2814AB6F00360950 /* ViewControllerFactory.swift in Sources */ = {isa = PBXBuildFile; fileRef = 43E4B41D2814AB6F00360950 /* ViewControllerFactory.swift */; };
		43E4B4212814ABB000360950 /* ViewControllerFactoryAssembly.swift in Sources */ = {isa = PBXBuildFile; fileRef = 43E4B4202814ABB000360950 /* ViewControllerFactoryAssembly.swift */; };
		43E4B4242814ACF200360950 /* TestViewController.swift in Sources */ = {isa = PBXBuildFile; fileRef = 43E4B4222814ACF200360950 /* TestViewController.swift */; };
		43E4B4252814ACF200360950 /* TestViewController.xib in Resources */ = {isa = PBXBuildFile; fileRef = 43E4B4232814ACF200360950 /* TestViewController.xib */; };
		43E4B4272814AD1B00360950 /* TestViewModel.swift in Sources */ = {isa = PBXBuildFile; fileRef = 43E4B4262814AD1B00360950 /* TestViewModel.swift */; };
		43E4B4292814AD2200360950 /* TestModel.swift in Sources */ = {isa = PBXBuildFile; fileRef = 43E4B4282814AD2200360950 /* TestModel.swift */; };
		43E4B42B2814AD8B00360950 /* TestAssembly.swift in Sources */ = {isa = PBXBuildFile; fileRef = 43E4B42A2814AD8B00360950 /* TestAssembly.swift */; };
		43E4B42E2814AE7A00360950 /* PreparationViewController.swift in Sources */ = {isa = PBXBuildFile; fileRef = 43E4B42C2814AE7A00360950 /* PreparationViewController.swift */; };
		43E4B42F2814AE7A00360950 /* PreparationViewController.xib in Resources */ = {isa = PBXBuildFile; fileRef = 43E4B42D2814AE7A00360950 /* PreparationViewController.xib */; };
		43E4B4312814AE9200360950 /* PreparationAssembly.swift in Sources */ = {isa = PBXBuildFile; fileRef = 43E4B4302814AE9200360950 /* PreparationAssembly.swift */; };
		43E4B4352814B53400360950 /* UIColor+.swift in Sources */ = {isa = PBXBuildFile; fileRef = 43E4B4342814B53400360950 /* UIColor+.swift */; };
		43E4B4392814B77300360950 /* SplashViewController.swift in Sources */ = {isa = PBXBuildFile; fileRef = 43E4B4372814B77300360950 /* SplashViewController.swift */; };
		43E4B43A2814B77300360950 /* SplashViewController.xib in Resources */ = {isa = PBXBuildFile; fileRef = 43E4B4382814B77300360950 /* SplashViewController.xib */; };
		43E4B43C2814B84700360950 /* SplashAssembly.swift in Sources */ = {isa = PBXBuildFile; fileRef = 43E4B43B2814B84700360950 /* SplashAssembly.swift */; };
		43E4B4402814D88100360950 /* FrequencyTableViewCell.swift in Sources */ = {isa = PBXBuildFile; fileRef = 43E4B43E2814D88100360950 /* FrequencyTableViewCell.swift */; };
		43E4B4412814D88100360950 /* FrequencyTableViewCell.xib in Resources */ = {isa = PBXBuildFile; fileRef = 43E4B43F2814D88100360950 /* FrequencyTableViewCell.xib */; };
/* End PBXBuildFile section */

/* Begin PBXContainerItemProxy section */
		434F84322814A98900658027 /* PBXContainerItemProxy */ = {
			isa = PBXContainerItemProxy;
			containerPortal = 434F84132814A98300658027 /* Project object */;
			proxyType = 1;
			remoteGlobalIDString = 434F841A2814A98300658027;
			remoteInfo = HearingTest;
		};
		434F843C2814A98900658027 /* PBXContainerItemProxy */ = {
			isa = PBXContainerItemProxy;
			containerPortal = 434F84132814A98300658027 /* Project object */;
			proxyType = 1;
			remoteGlobalIDString = 434F841A2814A98300658027;
			remoteInfo = HearingTest;
		};
/* End PBXContainerItemProxy section */

/* Begin PBXFileReference section */
		434F841B2814A98300658027 /* HearingTest.app */ = {isa = PBXFileReference; explicitFileType = wrapper.application; includeInIndex = 0; path = HearingTest.app; sourceTree = BUILT_PRODUCTS_DIR; };
		434F841E2814A98300658027 /* AppDelegate.swift */ = {isa = PBXFileReference; lastKnownFileType = sourcecode.swift; path = AppDelegate.swift; sourceTree = "<group>"; };
		434F84202814A98300658027 /* SceneDelegate.swift */ = {isa = PBXFileReference; lastKnownFileType = sourcecode.swift; path = SceneDelegate.swift; sourceTree = "<group>"; };
		434F84272814A98800658027 /* Assets.xcassets */ = {isa = PBXFileReference; lastKnownFileType = folder.assetcatalog; path = Assets.xcassets; sourceTree = "<group>"; };
		434F842A2814A98800658027 /* Base */ = {isa = PBXFileReference; lastKnownFileType = file.storyboard; name = Base; path = Base.lproj/LaunchScreen.storyboard; sourceTree = "<group>"; };
		434F842C2814A98800658027 /* Info.plist */ = {isa = PBXFileReference; lastKnownFileType = text.plist.xml; path = Info.plist; sourceTree = "<group>"; };
		434F84312814A98900658027 /* HearingTestTests.xctest */ = {isa = PBXFileReference; explicitFileType = wrapper.cfbundle; includeInIndex = 0; path = HearingTestTests.xctest; sourceTree = BUILT_PRODUCTS_DIR; };
		434F84352814A98900658027 /* HearingTestTests.swift */ = {isa = PBXFileReference; lastKnownFileType = sourcecode.swift; path = HearingTestTests.swift; sourceTree = "<group>"; };
		434F843B2814A98900658027 /* HearingTestUITests.xctest */ = {isa = PBXFileReference; explicitFileType = wrapper.cfbundle; includeInIndex = 0; path = HearingTestUITests.xctest; sourceTree = BUILT_PRODUCTS_DIR; };
		434F843F2814A98900658027 /* HearingTestUITests.swift */ = {isa = PBXFileReference; lastKnownFileType = sourcecode.swift; path = HearingTestUITests.swift; sourceTree = "<group>"; };
		434F84412814A98900658027 /* HearingTestUITestsLaunchTests.swift */ = {isa = PBXFileReference; lastKnownFileType = sourcecode.swift; path = HearingTestUITestsLaunchTests.swift; sourceTree = "<group>"; };
		436E53962815FEB30070FD66 /* 50Hz.wav */ = {isa = PBXFileReference; lastKnownFileType = audio.wav; path = 50Hz.wav; sourceTree = "<group>"; };
		436E53972815FEB30070FD66 /* 250Hz.wav */ = {isa = PBXFileReference; lastKnownFileType = audio.wav; path = 250Hz.wav; sourceTree = "<group>"; };
		436E53982815FEB30070FD66 /* 500Hz.wav */ = {isa = PBXFileReference; lastKnownFileType = audio.wav; path = 500Hz.wav; sourceTree = "<group>"; };
		436E53992815FEB30070FD66 /* 125Hz.wav */ = {isa = PBXFileReference; lastKnownFileType = audio.wav; path = 125Hz.wav; sourceTree = "<group>"; };
		436E539E2815FF9E0070FD66 /* UIView+.swift */ = {isa = PBXFileReference; lastKnownFileType = sourcecode.swift; path = "UIView+.swift"; sourceTree = "<group>"; };
		436E53A128161BB30070FD66 /* StatusViewController.swift */ = {isa = PBXFileReference; lastKnownFileType = sourcecode.swift; path = StatusViewController.swift; sourceTree = "<group>"; };
		436E53A228161BB30070FD66 /* StatusViewController.xib */ = {isa = PBXFileReference; lastKnownFileType = file.xib; path = StatusViewController.xib; sourceTree = "<group>"; };
		436E53A528161BCD0070FD66 /* StatusAssembly.swift */ = {isa = PBXFileReference; lastKnownFileType = sourcecode.swift; path = StatusAssembly.swift; sourceTree = "<group>"; };
		43E4B4162814AACD00360950 /* ResultAssembly.swift */ = {isa = PBXFileReference; lastKnownFileType = sourcecode.swift; path = ResultAssembly.swift; sourceTree = "<group>"; };
		43E4B4182814AAF800360950 /* ResultViewController.swift */ = {isa = PBXFileReference; lastKnownFileType = sourcecode.swift; path = ResultViewController.swift; sourceTree = "<group>"; };
		43E4B4192814AAF800360950 /* ResultViewController.xib */ = {isa = PBXFileReference; lastKnownFileType = file.xib; path = ResultViewController.xib; sourceTree = "<group>"; };
		43E4B41D2814AB6F00360950 /* ViewControllerFactory.swift */ = {isa = PBXFileReference; lastKnownFileType = sourcecode.swift; path = ViewControllerFactory.swift; sourceTree = "<group>"; };
		43E4B4202814ABB000360950 /* ViewControllerFactoryAssembly.swift */ = {isa = PBXFileReference; lastKnownFileType = sourcecode.swift; path = ViewControllerFactoryAssembly.swift; sourceTree = "<group>"; };
		43E4B4222814ACF200360950 /* TestViewController.swift */ = {isa = PBXFileReference; lastKnownFileType = sourcecode.swift; path = TestViewController.swift; sourceTree = "<group>"; };
		43E4B4232814ACF200360950 /* TestViewController.xib */ = {isa = PBXFileReference; lastKnownFileType = file.xib; path = TestViewController.xib; sourceTree = "<group>"; };
		43E4B4262814AD1B00360950 /* TestViewModel.swift */ = {isa = PBXFileReference; lastKnownFileType = sourcecode.swift; path = TestViewModel.swift; sourceTree = "<group>"; };
		43E4B4282814AD2200360950 /* TestModel.swift */ = {isa = PBXFileReference; lastKnownFileType = sourcecode.swift; path = TestModel.swift; sourceTree = "<group>"; };
		43E4B42A2814AD8B00360950 /* TestAssembly.swift */ = {isa = PBXFileReference; lastKnownFileType = sourcecode.swift; path = TestAssembly.swift; sourceTree = "<group>"; };
		43E4B42C2814AE7A00360950 /* PreparationViewController.swift */ = {isa = PBXFileReference; lastKnownFileType = sourcecode.swift; path = PreparationViewController.swift; sourceTree = "<group>"; };
		43E4B42D2814AE7A00360950 /* PreparationViewController.xib */ = {isa = PBXFileReference; lastKnownFileType = file.xib; path = PreparationViewController.xib; sourceTree = "<group>"; };
		43E4B4302814AE9200360950 /* PreparationAssembly.swift */ = {isa = PBXFileReference; lastKnownFileType = sourcecode.swift; path = PreparationAssembly.swift; sourceTree = "<group>"; };
		43E4B4342814B53400360950 /* UIColor+.swift */ = {isa = PBXFileReference; lastKnownFileType = sourcecode.swift; path = "UIColor+.swift"; sourceTree = "<group>"; };
		43E4B4372814B77300360950 /* SplashViewController.swift */ = {isa = PBXFileReference; lastKnownFileType = sourcecode.swift; path = SplashViewController.swift; sourceTree = "<group>"; };
		43E4B4382814B77300360950 /* SplashViewController.xib */ = {isa = PBXFileReference; lastKnownFileType = file.xib; path = SplashViewController.xib; sourceTree = "<group>"; };
		43E4B43B2814B84700360950 /* SplashAssembly.swift */ = {isa = PBXFileReference; lastKnownFileType = sourcecode.swift; path = SplashAssembly.swift; sourceTree = "<group>"; };
		43E4B43E2814D88100360950 /* FrequencyTableViewCell.swift */ = {isa = PBXFileReference; lastKnownFileType = sourcecode.swift; path = FrequencyTableViewCell.swift; sourceTree = "<group>"; };
		43E4B43F2814D88100360950 /* FrequencyTableViewCell.xib */ = {isa = PBXFileReference; lastKnownFileType = file.xib; path = FrequencyTableViewCell.xib; sourceTree = "<group>"; };
/* End PBXFileReference section */

/* Begin PBXFrameworksBuildPhase section */
		434F84182814A98300658027 /* Frameworks */ = {
			isa = PBXFrameworksBuildPhase;
			buildActionMask = 2147483647;
			files = (
				43E4B40F2814A9F800360950 /* Swinject in Frameworks */,
			);
			runOnlyForDeploymentPostprocessing = 0;
		};
		434F842E2814A98900658027 /* Frameworks */ = {
			isa = PBXFrameworksBuildPhase;
			buildActionMask = 2147483647;
			files = (
			);
			runOnlyForDeploymentPostprocessing = 0;
		};
		434F84382814A98900658027 /* Frameworks */ = {
			isa = PBXFrameworksBuildPhase;
			buildActionMask = 2147483647;
			files = (
			);
			runOnlyForDeploymentPostprocessing = 0;
		};
/* End PBXFrameworksBuildPhase section */

/* Begin PBXGroup section */
		434F84122814A98300658027 = {
			isa = PBXGroup;
			children = (
				434F841D2814A98300658027 /* HearingTest */,
				436E53952815FE860070FD66 /* Resources */,
				434F84342814A98900658027 /* HearingTestTests */,
				434F843E2814A98900658027 /* HearingTestUITests */,
				434F841C2814A98300658027 /* Products */,
			);
			sourceTree = "<group>";
		};
		434F841C2814A98300658027 /* Products */ = {
			isa = PBXGroup;
			children = (
				434F841B2814A98300658027 /* HearingTest.app */,
				434F84312814A98900658027 /* HearingTestTests.xctest */,
				434F843B2814A98900658027 /* HearingTestUITests.xctest */,
			);
			name = Products;
			sourceTree = "<group>";
		};
		434F841D2814A98300658027 /* HearingTest */ = {
			isa = PBXGroup;
			children = (
				43E4B4102814AA1800360950 /* DI */,
				43E4B4112814AA1E00360950 /* Scenes */,
				43E4B41C2814AB5E00360950 /* Common */,
				434F841E2814A98300658027 /* AppDelegate.swift */,
				434F84202814A98300658027 /* SceneDelegate.swift */,
				434F84272814A98800658027 /* Assets.xcassets */,
				434F84292814A98800658027 /* LaunchScreen.storyboard */,
				434F842C2814A98800658027 /* Info.plist */,
			);
			path = HearingTest;
			sourceTree = "<group>";
		};
		434F84342814A98900658027 /* HearingTestTests */ = {
			isa = PBXGroup;
			children = (
				434F84352814A98900658027 /* HearingTestTests.swift */,
			);
			path = HearingTestTests;
			sourceTree = "<group>";
		};
		434F843E2814A98900658027 /* HearingTestUITests */ = {
			isa = PBXGroup;
			children = (
				434F843F2814A98900658027 /* HearingTestUITests.swift */,
				434F84412814A98900658027 /* HearingTestUITestsLaunchTests.swift */,
			);
			path = HearingTestUITests;
			sourceTree = "<group>";
		};
		436E53952815FE860070FD66 /* Resources */ = {
			isa = PBXGroup;
			children = (
				436E53962815FEB30070FD66 /* 50Hz.wav */,
				436E53992815FEB30070FD66 /* 125Hz.wav */,
				436E53972815FEB30070FD66 /* 250Hz.wav */,
				436E53982815FEB30070FD66 /* 500Hz.wav */,
			);
			path = Resources;
			sourceTree = "<group>";
		};
		436E53A028161B9F0070FD66 /* Status */ = {
			isa = PBXGroup;
			children = (
				436E53A128161BB30070FD66 /* StatusViewController.swift */,
				436E53A228161BB30070FD66 /* StatusViewController.xib */,
			);
			path = Status;
			sourceTree = "<group>";
		};
		43E4B4102814AA1800360950 /* DI */ = {
			isa = PBXGroup;
			children = (
				43E4B41F2814ABA800360950 /* Common */,
				43E4B4152814AABC00360950 /* Scenes */,
			);
			path = DI;
			sourceTree = "<group>";
		};
		43E4B4112814AA1E00360950 /* Scenes */ = {
			isa = PBXGroup;
			children = (
				43E4B4122814AA2900360950 /* Preparation */,
				43E4B4142814AA4900360950 /* Result */,
				43E4B4362814B76600360950 /* Splash */,
				436E53A028161B9F0070FD66 /* Status */,
				43E4B4132814AA4000360950 /* Test */,
			);
			path = Scenes;
			sourceTree = "<group>";
		};
		43E4B4122814AA2900360950 /* Preparation */ = {
			isa = PBXGroup;
			children = (
				43E4B42C2814AE7A00360950 /* PreparationViewController.swift */,
				43E4B42D2814AE7A00360950 /* PreparationViewController.xib */,
			);
			path = Preparation;
			sourceTree = "<group>";
		};
		43E4B4132814AA4000360950 /* Test */ = {
			isa = PBXGroup;
			children = (
				43E4B43D2814D84F00360950 /* Cell */,
				43E4B4222814ACF200360950 /* TestViewController.swift */,
				43E4B4232814ACF200360950 /* TestViewController.xib */,
				43E4B4262814AD1B00360950 /* TestViewModel.swift */,
				43E4B4282814AD2200360950 /* TestModel.swift */,
			);
			path = Test;
			sourceTree = "<group>";
		};
		43E4B4142814AA4900360950 /* Result */ = {
			isa = PBXGroup;
			children = (
				43E4B4182814AAF800360950 /* ResultViewController.swift */,
				43E4B4192814AAF800360950 /* ResultViewController.xib */,
			);
			path = Result;
			sourceTree = "<group>";
		};
		43E4B4152814AABC00360950 /* Scenes */ = {
			isa = PBXGroup;
			children = (
				43E4B4302814AE9200360950 /* PreparationAssembly.swift */,
				43E4B4162814AACD00360950 /* ResultAssembly.swift */,
				43E4B43B2814B84700360950 /* SplashAssembly.swift */,
				436E53A528161BCD0070FD66 /* StatusAssembly.swift */,
				43E4B42A2814AD8B00360950 /* TestAssembly.swift */,
			);
			path = Scenes;
			sourceTree = "<group>";
		};
		43E4B41C2814AB5E00360950 /* Common */ = {
			isa = PBXGroup;
			children = (
				43E4B4342814B53400360950 /* UIColor+.swift */,
				436E539E2815FF9E0070FD66 /* UIView+.swift */,
				43E4B41D2814AB6F00360950 /* ViewControllerFactory.swift */,
			);
			path = Common;
			sourceTree = "<group>";
		};
		43E4B41F2814ABA800360950 /* Common */ = {
			isa = PBXGroup;
			children = (
				43E4B4202814ABB000360950 /* ViewControllerFactoryAssembly.swift */,
			);
			path = Common;
			sourceTree = "<group>";
		};
		43E4B4362814B76600360950 /* Splash */ = {
			isa = PBXGroup;
			children = (
				43E4B4372814B77300360950 /* SplashViewController.swift */,
				43E4B4382814B77300360950 /* SplashViewController.xib */,
			);
			path = Splash;
			sourceTree = "<group>";
		};
		43E4B43D2814D84F00360950 /* Cell */ = {
			isa = PBXGroup;
			children = (
				43E4B43E2814D88100360950 /* FrequencyTableViewCell.swift */,
				43E4B43F2814D88100360950 /* FrequencyTableViewCell.xib */,
			);
			path = Cell;
			sourceTree = "<group>";
		};
/* End PBXGroup section */

/* Begin PBXNativeTarget section */
		434F841A2814A98300658027 /* HearingTest */ = {
			isa = PBXNativeTarget;
			buildConfigurationList = 434F84452814A98900658027 /* Build configuration list for PBXNativeTarget "HearingTest" */;
			buildPhases = (
				434F84172814A98300658027 /* Sources */,
				434F84182814A98300658027 /* Frameworks */,
				434F84192814A98300658027 /* Resources */,
			);
			buildRules = (
			);
			dependencies = (
			);
			name = HearingTest;
			packageProductDependencies = (
				43E4B40E2814A9F800360950 /* Swinject */,
			);
			productName = HearingTest;
			productReference = 434F841B2814A98300658027 /* HearingTest.app */;
			productType = "com.apple.product-type.application";
		};
		434F84302814A98900658027 /* HearingTestTests */ = {
			isa = PBXNativeTarget;
			buildConfigurationList = 434F84482814A98900658027 /* Build configuration list for PBXNativeTarget "HearingTestTests" */;
			buildPhases = (
				434F842D2814A98900658027 /* Sources */,
				434F842E2814A98900658027 /* Frameworks */,
				434F842F2814A98900658027 /* Resources */,
			);
			buildRules = (
			);
			dependencies = (
				434F84332814A98900658027 /* PBXTargetDependency */,
			);
			name = HearingTestTests;
			productName = HearingTestTests;
			productReference = 434F84312814A98900658027 /* HearingTestTests.xctest */;
			productType = "com.apple.product-type.bundle.unit-test";
		};
		434F843A2814A98900658027 /* HearingTestUITests */ = {
			isa = PBXNativeTarget;
			buildConfigurationList = 434F844B2814A98900658027 /* Build configuration list for PBXNativeTarget "HearingTestUITests" */;
			buildPhases = (
				434F84372814A98900658027 /* Sources */,
				434F84382814A98900658027 /* Frameworks */,
				434F84392814A98900658027 /* Resources */,
			);
			buildRules = (
			);
			dependencies = (
				434F843D2814A98900658027 /* PBXTargetDependency */,
			);
			name = HearingTestUITests;
			productName = HearingTestUITests;
			productReference = 434F843B2814A98900658027 /* HearingTestUITests.xctest */;
			productType = "com.apple.product-type.bundle.ui-testing";
		};
/* End PBXNativeTarget section */

/* Begin PBXProject section */
		434F84132814A98300658027 /* Project object */ = {
			isa = PBXProject;
			attributes = {
				BuildIndependentTargetsInParallel = 1;
				LastSwiftUpdateCheck = 1330;
				LastUpgradeCheck = 1330;
				TargetAttributes = {
					434F841A2814A98300658027 = {
						CreatedOnToolsVersion = 13.3.1;
					};
					434F84302814A98900658027 = {
						CreatedOnToolsVersion = 13.3.1;
						TestTargetID = 434F841A2814A98300658027;
					};
					434F843A2814A98900658027 = {
						CreatedOnToolsVersion = 13.3.1;
						TestTargetID = 434F841A2814A98300658027;
					};
				};
			};
			buildConfigurationList = 434F84162814A98300658027 /* Build configuration list for PBXProject "HearingTest" */;
			compatibilityVersion = "Xcode 13.0";
			developmentRegion = en;
			hasScannedForEncodings = 0;
			knownRegions = (
				en,
				Base,
			);
			mainGroup = 434F84122814A98300658027;
			packageReferences = (
				43E4B40D2814A9F800360950 /* XCRemoteSwiftPackageReference "Swinject" */,
			);
			productRefGroup = 434F841C2814A98300658027 /* Products */;
			projectDirPath = "";
			projectRoot = "";
			targets = (
				434F841A2814A98300658027 /* HearingTest */,
				434F84302814A98900658027 /* HearingTestTests */,
				434F843A2814A98900658027 /* HearingTestUITests */,
			);
		};
/* End PBXProject section */

/* Begin PBXResourcesBuildPhase section */
		434F84192814A98300658027 /* Resources */ = {
			isa = PBXResourcesBuildPhase;
			buildActionMask = 2147483647;
			files = (
				436E53A428161BB30070FD66 /* StatusViewController.xib in Resources */,
				43E4B42F2814AE7A00360950 /* PreparationViewController.xib in Resources */,
				43E4B4412814D88100360950 /* FrequencyTableViewCell.xib in Resources */,
				436E539D2815FEB30070FD66 /* 125Hz.wav in Resources */,
				43E4B43A2814B77300360950 /* SplashViewController.xib in Resources */,
				436E539A2815FEB30070FD66 /* 50Hz.wav in Resources */,
				436E539B2815FEB30070FD66 /* 250Hz.wav in Resources */,
				434F842B2814A98800658027 /* LaunchScreen.storyboard in Resources */,
				436E539C2815FEB30070FD66 /* 500Hz.wav in Resources */,
				43E4B4252814ACF200360950 /* TestViewController.xib in Resources */,
				434F84282814A98800658027 /* Assets.xcassets in Resources */,
				43E4B41B2814AAF800360950 /* ResultViewController.xib in Resources */,
			);
			runOnlyForDeploymentPostprocessing = 0;
		};
		434F842F2814A98900658027 /* Resources */ = {
			isa = PBXResourcesBuildPhase;
			buildActionMask = 2147483647;
			files = (
			);
			runOnlyForDeploymentPostprocessing = 0;
		};
		434F84392814A98900658027 /* Resources */ = {
			isa = PBXResourcesBuildPhase;
			buildActionMask = 2147483647;
			files = (
			);
			runOnlyForDeploymentPostprocessing = 0;
		};
/* End PBXResourcesBuildPhase section */

/* Begin PBXSourcesBuildPhase section */
		434F84172814A98300658027 /* Sources */ = {
			isa = PBXSourcesBuildPhase;
			buildActionMask = 2147483647;
			files = (
				43E4B41A2814AAF800360950 /* ResultViewController.swift in Sources */,
				43E4B4242814ACF200360950 /* TestViewController.swift in Sources */,
				43E4B4272814AD1B00360950 /* TestViewModel.swift in Sources */,
				43E4B4212814ABB000360950 /* ViewControllerFactoryAssembly.swift in Sources */,
				434F841F2814A98300658027 /* AppDelegate.swift in Sources */,
				43E4B4392814B77300360950 /* SplashViewController.swift in Sources */,
				43E4B42E2814AE7A00360950 /* PreparationViewController.swift in Sources */,
				43E4B41E2814AB6F00360950 /* ViewControllerFactory.swift in Sources */,
				43E4B4292814AD2200360950 /* TestModel.swift in Sources */,
				436E539F2815FF9E0070FD66 /* UIView+.swift in Sources */,
				43E4B4172814AACD00360950 /* ResultAssembly.swift in Sources */,
				43E4B4312814AE9200360950 /* PreparationAssembly.swift in Sources */,
				436E53A628161BCD0070FD66 /* StatusAssembly.swift in Sources */,
				43E4B42B2814AD8B00360950 /* TestAssembly.swift in Sources */,
				43E4B4402814D88100360950 /* FrequencyTableViewCell.swift in Sources */,
				434F84212814A98300658027 /* SceneDelegate.swift in Sources */,
				43E4B43C2814B84700360950 /* SplashAssembly.swift in Sources */,
				436E53A328161BB30070FD66 /* StatusViewController.swift in Sources */,
				43E4B4352814B53400360950 /* UIColor+.swift in Sources */,
			);
			runOnlyForDeploymentPostprocessing = 0;
		};
		434F842D2814A98900658027 /* Sources */ = {
			isa = PBXSourcesBuildPhase;
			buildActionMask = 2147483647;
			files = (
				434F84362814A98900658027 /* HearingTestTests.swift in Sources */,
			);
			runOnlyForDeploymentPostprocessing = 0;
		};
		434F84372814A98900658027 /* Sources */ = {
			isa = PBXSourcesBuildPhase;
			buildActionMask = 2147483647;
			files = (
				434F84402814A98900658027 /* HearingTestUITests.swift in Sources */,
				434F84422814A98900658027 /* HearingTestUITestsLaunchTests.swift in Sources */,
			);
			runOnlyForDeploymentPostprocessing = 0;
		};
/* End PBXSourcesBuildPhase section */

/* Begin PBXTargetDependency section */
		434F84332814A98900658027 /* PBXTargetDependency */ = {
			isa = PBXTargetDependency;
			target = 434F841A2814A98300658027 /* HearingTest */;
			targetProxy = 434F84322814A98900658027 /* PBXContainerItemProxy */;
		};
		434F843D2814A98900658027 /* PBXTargetDependency */ = {
			isa = PBXTargetDependency;
			target = 434F841A2814A98300658027 /* HearingTest */;
			targetProxy = 434F843C2814A98900658027 /* PBXContainerItemProxy */;
		};
/* End PBXTargetDependency section */

/* Begin PBXVariantGroup section */
		434F84292814A98800658027 /* LaunchScreen.storyboard */ = {
			isa = PBXVariantGroup;
			children = (
				434F842A2814A98800658027 /* Base */,
			);
			name = LaunchScreen.storyboard;
			sourceTree = "<group>";
		};
/* End PBXVariantGroup section */

/* Begin XCBuildConfiguration section */
		434F84432814A98900658027 /* Debug */ = {
			isa = XCBuildConfiguration;
			buildSettings = {
				ALWAYS_SEARCH_USER_PATHS = NO;
				CLANG_ANALYZER_NONNULL = YES;
				CLANG_ANALYZER_NUMBER_OBJECT_CONVERSION = YES_AGGRESSIVE;
				CLANG_CXX_LANGUAGE_STANDARD = "gnu++17";
				CLANG_ENABLE_MODULES = YES;
				CLANG_ENABLE_OBJC_ARC = YES;
				CLANG_ENABLE_OBJC_WEAK = YES;
				CLANG_WARN_BLOCK_CAPTURE_AUTORELEASING = YES;
				CLANG_WARN_BOOL_CONVERSION = YES;
				CLANG_WARN_COMMA = YES;
				CLANG_WARN_CONSTANT_CONVERSION = YES;
				CLANG_WARN_DEPRECATED_OBJC_IMPLEMENTATIONS = YES;
				CLANG_WARN_DIRECT_OBJC_ISA_USAGE = YES_ERROR;
				CLANG_WARN_DOCUMENTATION_COMMENTS = YES;
				CLANG_WARN_EMPTY_BODY = YES;
				CLANG_WARN_ENUM_CONVERSION = YES;
				CLANG_WARN_INFINITE_RECURSION = YES;
				CLANG_WARN_INT_CONVERSION = YES;
				CLANG_WARN_NON_LITERAL_NULL_CONVERSION = YES;
				CLANG_WARN_OBJC_IMPLICIT_RETAIN_SELF = YES;
				CLANG_WARN_OBJC_LITERAL_CONVERSION = YES;
				CLANG_WARN_OBJC_ROOT_CLASS = YES_ERROR;
				CLANG_WARN_QUOTED_INCLUDE_IN_FRAMEWORK_HEADER = YES;
				CLANG_WARN_RANGE_LOOP_ANALYSIS = YES;
				CLANG_WARN_STRICT_PROTOTYPES = YES;
				CLANG_WARN_SUSPICIOUS_MOVE = YES;
				CLANG_WARN_UNGUARDED_AVAILABILITY = YES_AGGRESSIVE;
				CLANG_WARN_UNREACHABLE_CODE = YES;
				CLANG_WARN__DUPLICATE_METHOD_MATCH = YES;
				COPY_PHASE_STRIP = NO;
				DEBUG_INFORMATION_FORMAT = dwarf;
				ENABLE_STRICT_OBJC_MSGSEND = YES;
				ENABLE_TESTABILITY = YES;
				GCC_C_LANGUAGE_STANDARD = gnu11;
				GCC_DYNAMIC_NO_PIC = NO;
				GCC_NO_COMMON_BLOCKS = YES;
				GCC_OPTIMIZATION_LEVEL = 0;
				GCC_PREPROCESSOR_DEFINITIONS = (
					"DEBUG=1",
					"$(inherited)",
				);
				GCC_WARN_64_TO_32_BIT_CONVERSION = YES;
				GCC_WARN_ABOUT_RETURN_TYPE = YES_ERROR;
				GCC_WARN_UNDECLARED_SELECTOR = YES;
				GCC_WARN_UNINITIALIZED_AUTOS = YES_AGGRESSIVE;
				GCC_WARN_UNUSED_FUNCTION = YES;
				GCC_WARN_UNUSED_VARIABLE = YES;
				IPHONEOS_DEPLOYMENT_TARGET = 15.0;
				MTL_ENABLE_DEBUG_INFO = INCLUDE_SOURCE;
				MTL_FAST_MATH = YES;
				ONLY_ACTIVE_ARCH = YES;
				SDKROOT = iphoneos;
				SWIFT_ACTIVE_COMPILATION_CONDITIONS = DEBUG;
				SWIFT_OPTIMIZATION_LEVEL = "-Onone";
			};
			name = Debug;
		};
		434F84442814A98900658027 /* Release */ = {
			isa = XCBuildConfiguration;
			buildSettings = {
				ALWAYS_SEARCH_USER_PATHS = NO;
				CLANG_ANALYZER_NONNULL = YES;
				CLANG_ANALYZER_NUMBER_OBJECT_CONVERSION = YES_AGGRESSIVE;
				CLANG_CXX_LANGUAGE_STANDARD = "gnu++17";
				CLANG_ENABLE_MODULES = YES;
				CLANG_ENABLE_OBJC_ARC = YES;
				CLANG_ENABLE_OBJC_WEAK = YES;
				CLANG_WARN_BLOCK_CAPTURE_AUTORELEASING = YES;
				CLANG_WARN_BOOL_CONVERSION = YES;
				CLANG_WARN_COMMA = YES;
				CLANG_WARN_CONSTANT_CONVERSION = YES;
				CLANG_WARN_DEPRECATED_OBJC_IMPLEMENTATIONS = YES;
				CLANG_WARN_DIRECT_OBJC_ISA_USAGE = YES_ERROR;
				CLANG_WARN_DOCUMENTATION_COMMENTS = YES;
				CLANG_WARN_EMPTY_BODY = YES;
				CLANG_WARN_ENUM_CONVERSION = YES;
				CLANG_WARN_INFINITE_RECURSION = YES;
				CLANG_WARN_INT_CONVERSION = YES;
				CLANG_WARN_NON_LITERAL_NULL_CONVERSION = YES;
				CLANG_WARN_OBJC_IMPLICIT_RETAIN_SELF = YES;
				CLANG_WARN_OBJC_LITERAL_CONVERSION = YES;
				CLANG_WARN_OBJC_ROOT_CLASS = YES_ERROR;
				CLANG_WARN_QUOTED_INCLUDE_IN_FRAMEWORK_HEADER = YES;
				CLANG_WARN_RANGE_LOOP_ANALYSIS = YES;
				CLANG_WARN_STRICT_PROTOTYPES = YES;
				CLANG_WARN_SUSPICIOUS_MOVE = YES;
				CLANG_WARN_UNGUARDED_AVAILABILITY = YES_AGGRESSIVE;
				CLANG_WARN_UNREACHABLE_CODE = YES;
				CLANG_WARN__DUPLICATE_METHOD_MATCH = YES;
				COPY_PHASE_STRIP = NO;
				DEBUG_INFORMATION_FORMAT = "dwarf-with-dsym";
				ENABLE_NS_ASSERTIONS = NO;
				ENABLE_STRICT_OBJC_MSGSEND = YES;
				GCC_C_LANGUAGE_STANDARD = gnu11;
				GCC_NO_COMMON_BLOCKS = YES;
				GCC_WARN_64_TO_32_BIT_CONVERSION = YES;
				GCC_WARN_ABOUT_RETURN_TYPE = YES_ERROR;
				GCC_WARN_UNDECLARED_SELECTOR = YES;
				GCC_WARN_UNINITIALIZED_AUTOS = YES_AGGRESSIVE;
				GCC_WARN_UNUSED_FUNCTION = YES;
				GCC_WARN_UNUSED_VARIABLE = YES;
				IPHONEOS_DEPLOYMENT_TARGET = 15.0;
				MTL_ENABLE_DEBUG_INFO = NO;
				MTL_FAST_MATH = YES;
				SDKROOT = iphoneos;
				SWIFT_COMPILATION_MODE = wholemodule;
				SWIFT_OPTIMIZATION_LEVEL = "-O";
				VALIDATE_PRODUCT = YES;
			};
			name = Release;
		};
		434F84462814A98900658027 /* Debug */ = {
			isa = XCBuildConfiguration;
			buildSettings = {
				ASSETCATALOG_COMPILER_APPICON_NAME = AppIcon;
				ASSETCATALOG_COMPILER_GLOBAL_ACCENT_COLOR_NAME = AccentColor;
				CODE_SIGN_STYLE = Automatic;
				CURRENT_PROJECT_VERSION = 1;
				DEVELOPMENT_TEAM = 2L9L899V66;
				GENERATE_INFOPLIST_FILE = YES;
				INFOPLIST_FILE = HearingTest/Info.plist;
				INFOPLIST_KEY_UIApplicationSupportsIndirectInputEvents = YES;
				INFOPLIST_KEY_UILaunchStoryboardName = LaunchScreen;
				INFOPLIST_KEY_UIMainStoryboardFile = "";
				INFOPLIST_KEY_UISupportedInterfaceOrientations_iPad = "UIInterfaceOrientationPortrait UIInterfaceOrientationPortraitUpsideDown UIInterfaceOrientationLandscapeLeft UIInterfaceOrientationLandscapeRight";
				INFOPLIST_KEY_UISupportedInterfaceOrientations_iPhone = "UIInterfaceOrientationPortrait UIInterfaceOrientationLandscapeLeft UIInterfaceOrientationLandscapeRight";
				IPHONEOS_DEPLOYMENT_TARGET = 15.0;
				LD_RUNPATH_SEARCH_PATHS = (
					"$(inherited)",
					"@executable_path/Frameworks",
				);
				MARKETING_VERSION = 1.0;
				PRODUCT_BUNDLE_IDENTIFIER = com.memtarhan.HearingTest;
				PRODUCT_NAME = "$(TARGET_NAME)";
				SWIFT_EMIT_LOC_STRINGS = YES;
				SWIFT_VERSION = 5.0;
				TARGETED_DEVICE_FAMILY = 1;
			};
			name = Debug;
		};
		434F84472814A98900658027 /* Release */ = {
			isa = XCBuildConfiguration;
			buildSettings = {
				ASSETCATALOG_COMPILER_APPICON_NAME = AppIcon;
				ASSETCATALOG_COMPILER_GLOBAL_ACCENT_COLOR_NAME = AccentColor;
				CODE_SIGN_STYLE = Automatic;
				CURRENT_PROJECT_VERSION = 1;
				DEVELOPMENT_TEAM = 2L9L899V66;
				GENERATE_INFOPLIST_FILE = YES;
				INFOPLIST_FILE = HearingTest/Info.plist;
				INFOPLIST_KEY_UIApplicationSupportsIndirectInputEvents = YES;
				INFOPLIST_KEY_UILaunchStoryboardName = LaunchScreen;
				INFOPLIST_KEY_UIMainStoryboardFile = "";
				INFOPLIST_KEY_UISupportedInterfaceOrientations_iPad = "UIInterfaceOrientationPortrait UIInterfaceOrientationPortraitUpsideDown UIInterfaceOrientationLandscapeLeft UIInterfaceOrientationLandscapeRight";
				INFOPLIST_KEY_UISupportedInterfaceOrientations_iPhone = "UIInterfaceOrientationPortrait UIInterfaceOrientationLandscapeLeft UIInterfaceOrientationLandscapeRight";
				IPHONEOS_DEPLOYMENT_TARGET = 15.0;
				LD_RUNPATH_SEARCH_PATHS = (
					"$(inherited)",
					"@executable_path/Frameworks",
				);
				MARKETING_VERSION = 1.0;
				PRODUCT_BUNDLE_IDENTIFIER = com.memtarhan.HearingTest;
				PRODUCT_NAME = "$(TARGET_NAME)";
				SWIFT_EMIT_LOC_STRINGS = YES;
				SWIFT_VERSION = 5.0;
				TARGETED_DEVICE_FAMILY = 1;
			};
			name = Release;
		};
		434F84492814A98900658027 /* Debug */ = {
			isa = XCBuildConfiguration;
			buildSettings = {
				ALWAYS_EMBED_SWIFT_STANDARD_LIBRARIES = YES;
				BUNDLE_LOADER = "$(TEST_HOST)";
				CODE_SIGN_STYLE = Automatic;
				CURRENT_PROJECT_VERSION = 1;
				DEVELOPMENT_TEAM = 2L9L899V66;
				GENERATE_INFOPLIST_FILE = YES;
				IPHONEOS_DEPLOYMENT_TARGET = 15.4;
				MARKETING_VERSION = 1.0;
				PRODUCT_BUNDLE_IDENTIFIER = com.memtarhan.HearingTestTests;
				PRODUCT_NAME = "$(TARGET_NAME)";
				SWIFT_EMIT_LOC_STRINGS = NO;
				SWIFT_VERSION = 5.0;
				TARGETED_DEVICE_FAMILY = "1,2";
				TEST_HOST = "$(BUILT_PRODUCTS_DIR)/HearingTest.app/HearingTest";
			};
			name = Debug;
		};
		434F844A2814A98900658027 /* Release */ = {
			isa = XCBuildConfiguration;
			buildSettings = {
				ALWAYS_EMBED_SWIFT_STANDARD_LIBRARIES = YES;
				BUNDLE_LOADER = "$(TEST_HOST)";
				CODE_SIGN_STYLE = Automatic;
				CURRENT_PROJECT_VERSION = 1;
				DEVELOPMENT_TEAM = 2L9L899V66;
				GENERATE_INFOPLIST_FILE = YES;
				IPHONEOS_DEPLOYMENT_TARGET = 15.4;
				MARKETING_VERSION = 1.0;
				PRODUCT_BUNDLE_IDENTIFIER = com.memtarhan.HearingTestTests;
				PRODUCT_NAME = "$(TARGET_NAME)";
				SWIFT_EMIT_LOC_STRINGS = NO;
				SWIFT_VERSION = 5.0;
				TARGETED_DEVICE_FAMILY = "1,2";
				TEST_HOST = "$(BUILT_PRODUCTS_DIR)/HearingTest.app/HearingTest";
			};
			name = Release;
		};
		434F844C2814A98900658027 /* Debug */ = {
			isa = XCBuildConfiguration;
			buildSettings = {
				ALWAYS_EMBED_SWIFT_STANDARD_LIBRARIES = YES;
				CODE_SIGN_STYLE = Automatic;
				CURRENT_PROJECT_VERSION = 1;
				DEVELOPMENT_TEAM = 2L9L899V66;
				GENERATE_INFOPLIST_FILE = YES;
				MARKETING_VERSION = 1.0;
				PRODUCT_BUNDLE_IDENTIFIER = com.memtarhan.HearingTestUITests;
				PRODUCT_NAME = "$(TARGET_NAME)";
				SWIFT_EMIT_LOC_STRINGS = NO;
				SWIFT_VERSION = 5.0;
				TARGETED_DEVICE_FAMILY = "1,2";
				TEST_TARGET_NAME = HearingTest;
			};
			name = Debug;
		};
		434F844D2814A98900658027 /* Release */ = {
			isa = XCBuildConfiguration;
			buildSettings = {
				ALWAYS_EMBED_SWIFT_STANDARD_LIBRARIES = YES;
				CODE_SIGN_STYLE = Automatic;
				CURRENT_PROJECT_VERSION = 1;
				DEVELOPMENT_TEAM = 2L9L899V66;
				GENERATE_INFOPLIST_FILE = YES;
				MARKETING_VERSION = 1.0;
				PRODUCT_BUNDLE_IDENTIFIER = com.memtarhan.HearingTestUITests;
				PRODUCT_NAME = "$(TARGET_NAME)";
				SWIFT_EMIT_LOC_STRINGS = NO;
				SWIFT_VERSION = 5.0;
				TARGETED_DEVICE_FAMILY = "1,2";
				TEST_TARGET_NAME = HearingTest;
			};
			name = Release;
		};
/* End XCBuildConfiguration section */

/* Begin XCConfigurationList section */
		434F84162814A98300658027 /* Build configuration list for PBXProject "HearingTest" */ = {
			isa = XCConfigurationList;
			buildConfigurations = (
				434F84432814A98900658027 /* Debug */,
				434F84442814A98900658027 /* Release */,
			);
			defaultConfigurationIsVisible = 0;
			defaultConfigurationName = Release;
		};
		434F84452814A98900658027 /* Build configuration list for PBXNativeTarget "HearingTest" */ = {
			isa = XCConfigurationList;
			buildConfigurations = (
				434F84462814A98900658027 /* Debug */,
				434F84472814A98900658027 /* Release */,
			);
			defaultConfigurationIsVisible = 0;
			defaultConfigurationName = Release;
		};
		434F84482814A98900658027 /* Build configuration list for PBXNativeTarget "HearingTestTests" */ = {
			isa = XCConfigurationList;
			buildConfigurations = (
				434F84492814A98900658027 /* Debug */,
				434F844A2814A98900658027 /* Release */,
			);
			defaultConfigurationIsVisible = 0;
			defaultConfigurationName = Release;
		};
		434F844B2814A98900658027 /* Build configuration list for PBXNativeTarget "HearingTestUITests" */ = {
			isa = XCConfigurationList;
			buildConfigurations = (
				434F844C2814A98900658027 /* Debug */,
				434F844D2814A98900658027 /* Release */,
			);
			defaultConfigurationIsVisible = 0;
			defaultConfigurationName = Release;
		};
/* End XCConfigurationList section */

/* Begin XCRemoteSwiftPackageReference section */
		43E4B40D2814A9F800360950 /* XCRemoteSwiftPackageReference "Swinject" */ = {
			isa = XCRemoteSwiftPackageReference;
			repositoryURL = "https://github.com/Swinject/Swinject.git";
			requirement = {
				kind = upToNextMajorVersion;
				minimumVersion = 2.0.0;
			};
		};
/* End XCRemoteSwiftPackageReference section */

/* Begin XCSwiftPackageProductDependency section */
		43E4B40E2814A9F800360950 /* Swinject */ = {
			isa = XCSwiftPackageProductDependency;
			package = 43E4B40D2814A9F800360950 /* XCRemoteSwiftPackageReference "Swinject" */;
			productName = Swinject;
		};
/* End XCSwiftPackageProductDependency section */
	};
	rootObject = 434F84132814A98300658027 /* Project object */;
}
